
Microsoft Visual Studio Solution File, Format Version 12.00
# Visual Studio Version 17
VisualStudioVersion = 17.5.33516.290
MinimumVisualStudioVersion = 10.0.40219.1
Project("{FAE04EC0-301F-11D3-BF4B-00C04F79EFBC}") = "GameZhargal2", "GameZhargal2.csproj", "{B640B5A5-A046-4F45-8562-5A7D50EC081E}"
EndProject
Global
	GlobalSection(SolutionConfigurationPlatforms) = preSolution
		Debug|Any CPU = Debug|Any CPU
		Release|Any CPU = Release|Any CPU
	EndGlobalSection
	GlobalSection(ProjectConfigurationPlatforms) = postSolution
		{B640B5A5-A046-4F45-8562-5A7D50EC081E}.Debug|Any CPU.ActiveCfg = Debug|Any CPU
		{B640B5A5-A046-4F45-8562-5A7D50EC081E}.Debug|Any CPU.Build.0 = Debug|Any CPU
		{B640B5A5-A046-4F45-8562-5A7D50EC081E}.Release|Any CPU.ActiveCfg = Release|Any CPU
		{B640B5A5-A046-4F45-8562-5A7D50EC081E}.Release|Any CPU.Build.0 = Release|Any CPU
	EndGlobalSection
	GlobalSection(SolutionProperties) = preSolution
		HideSolutionNode = FALSE
	EndGlobalSection
	GlobalSection(ExtensibilityGlobals) = postSolution
		SolutionGuid = {E81EBEC0-FF8D-46B7-B051-8553DE3956B4}
	EndGlobalSection
EndGlobal
